
Microsoft Visual Studio Solution File, Format Version 12.00
# Visual Studio Version 16
VisualStudioVersion = 16.0.33328.57
MinimumVisualStudioVersion = 10.0.40219.1
Project("{FAE04EC0-301F-11D3-BF4B-00C04F79EFBC}") = "Prueba29_06_23", "Prueba29_06_23\Prueba29_06_23.csproj", "{2B7C6E26-D5B5-4BF5-9123-6D3FFB82B536}"
EndProject
Global
	GlobalSection(SolutionConfigurationPlatforms) = preSolution
		Debug|Any CPU = Debug|Any CPU
		Release|Any CPU = Release|Any CPU
	EndGlobalSection
	GlobalSection(ProjectConfigurationPlatforms) = postSolution
		{2B7C6E26-D5B5-4BF5-9123-6D3FFB82B536}.Debug|Any CPU.ActiveCfg = Debug|Any CPU
		{2B7C6E26-D5B5-4BF5-9123-6D3FFB82B536}.Debug|Any CPU.Build.0 = Debug|Any CPU
		{2B7C6E26-D5B5-4BF5-9123-6D3FFB82B536}.Release|Any CPU.ActiveCfg = Release|Any CPU
		{2B7C6E26-D5B5-4BF5-9123-6D3FFB82B536}.Release|Any CPU.Build.0 = Release|Any CPU
	EndGlobalSection
	GlobalSection(SolutionProperties) = preSolution
		HideSolutionNode = FALSE
	EndGlobalSection
	GlobalSection(ExtensibilityGlobals) = postSolution
		SolutionGuid = {1D8EAC86-D9A7-465A-8499-DCD468AD8386}
	EndGlobalSection
EndGlobal
